id: spektrumtest_moving_average_filter_ff
label: MAV Filter
category: '[spektrumtest]'

templates:
  imports: from gnuradio import spektrumtest
  make: spektrumtest.moving_average_filter_ff(${filter_length})
  callbacks:
    - set_filter_length(${filter_length})
#  Make one 'parameters' list entry for every parameter you want settable from the GUI.
#     Keys include:
#     * id (makes the value accessible as keyname, e.g. in the make entry)
#     * label (label shown in the GUI)
#     * dtype (e.g. int, float, complex, byte, short, xxx_vector, ...)
#     * default
parameters:
- id: filter_length
  label: Filter Length
  dtype: int
  default: 10
#- id: ...
#  label: ...
#  dtype: ...

#  Make one 'inputs' list entry per input and one 'outputs' list entry per output.
#  Keys include:
#      * label (an identifier for the GUI)
#      * domain (optional - stream or message. Default is stream)
#      * dtype (e.g. int, float, complex, byte, short, xxx_vector, ...)
#      * vlen (optional - data stream vector length. Default is 1)
#      * optional (optional - set to 1 for optional inputs. Default is 0)
inputs:
- label: in
  domain: stream
  dtype: float
#  vlen: ...
#  optional: ...

outputs:
- label: out
  domain: stream
  dtype: float
#  vlen: ...
#  optional: ...

#  'file_format' specifies the version of the GRC yml format used in the file
#  and should usually not be changed.
file_format: 1
